// !$*UTF8*$!
{
	archiveVersion = 1;
	classes = {
	};
	objectVersion = 48;
	objects = {

/* Begin PBXBuildFile section */
		EB11394E211ECA6000CF2E65 /* AppDelegate.swift in Sources */ = {isa = PBXBuildFile; fileRef = EB11394D211ECA6000CF2E65 /* AppDelegate.swift */; };
		EB113950211ECA6000CF2E65 /* CategoriesVC.swift in Sources */ = {isa = PBXBuildFile; fileRef = EB11394F211ECA6000CF2E65 /* CategoriesVC.swift */; };
		EB113953211ECA6000CF2E65 /* Main.storyboard in Resources */ = {isa = PBXBuildFile; fileRef = EB113951211ECA6000CF2E65 /* Main.storyboard */; };
		EB113955211ECA6000CF2E65 /* Assets.xcassets in Resources */ = {isa = PBXBuildFile; fileRef = EB113954211ECA6000CF2E65 /* Assets.xcassets */; };
		EB113958211ECA6000CF2E65 /* LaunchScreen.storyboard in Resources */ = {isa = PBXBuildFile; fileRef = EB113956211ECA6000CF2E65 /* LaunchScreen.storyboard */; };
		EB1139672120ADE000CF2E65 /* CategoryCell.swift in Sources */ = {isa = PBXBuildFile; fileRef = EB1139662120ADE000CF2E65 /* CategoryCell.swift */; };
		EB1139692121B1FF00CF2E65 /* Category.swift in Sources */ = {isa = PBXBuildFile; fileRef = EB1139682121B1FF00CF2E65 /* Category.swift */; };
		EB11396D2121B8BD00CF2E65 /* DataService.swift in Sources */ = {isa = PBXBuildFile; fileRef = EB11396C2121B8BD00CF2E65 /* DataService.swift */; };
/* End PBXBuildFile section */

/* Begin PBXFileReference section */
		EB11394A211ECA6000CF2E65 /* coder-clothing.app */ = {isa = PBXFileReference; explicitFileType = wrapper.application; includeInIndex = 0; path = "coder-clothing.app"; sourceTree = BUILT_PRODUCTS_DIR; };
		EB11394D211ECA6000CF2E65 /* AppDelegate.swift */ = {isa = PBXFileReference; lastKnownFileType = sourcecode.swift; path = AppDelegate.swift; sourceTree = "<group>"; };
		EB11394F211ECA6000CF2E65 /* CategoriesVC.swift */ = {isa = PBXFileReference; lastKnownFileType = sourcecode.swift; path = CategoriesVC.swift; sourceTree = "<group>"; };
		EB113952211ECA6000CF2E65 /* Base */ = {isa = PBXFileReference; lastKnownFileType = file.storyboard; name = Base; path = Base.lproj/Main.storyboard; sourceTree = "<group>"; };
		EB113954211ECA6000CF2E65 /* Assets.xcassets */ = {isa = PBXFileReference; lastKnownFileType = folder.assetcatalog; path = Assets.xcassets; sourceTree = "<group>"; };
		EB113957211ECA6000CF2E65 /* Base */ = {isa = PBXFileReference; lastKnownFileType = file.storyboard; name = Base; path = Base.lproj/LaunchScreen.storyboard; sourceTree = "<group>"; };
		EB113959211ECA6000CF2E65 /* Info.plist */ = {isa = PBXFileReference; lastKnownFileType = text.plist.xml; path = Info.plist; sourceTree = "<group>"; };
		EB1139662120ADE000CF2E65 /* CategoryCell.swift */ = {isa = PBXFileReference; lastKnownFileType = sourcecode.swift; path = CategoryCell.swift; sourceTree = "<group>"; };
		EB1139682121B1FF00CF2E65 /* Category.swift */ = {isa = PBXFileReference; lastKnownFileType = sourcecode.swift; path = Category.swift; sourceTree = "<group>"; };
		EB11396C2121B8BD00CF2E65 /* DataService.swift */ = {isa = PBXFileReference; lastKnownFileType = sourcecode.swift; path = DataService.swift; sourceTree = "<group>"; };
/* End PBXFileReference section */

/* Begin PBXFrameworksBuildPhase section */
		EB113947211ECA6000CF2E65 /* Frameworks */ = {
			isa = PBXFrameworksBuildPhase;
			buildActionMask = 2147483647;
			files = (
			);
			runOnlyForDeploymentPostprocessing = 0;
		};
/* End PBXFrameworksBuildPhase section */

/* Begin PBXGroup section */
		EB113941211ECA6000CF2E65 = {
			isa = PBXGroup;
			children = (
				EB11394C211ECA6000CF2E65 /* coder-clothing */,
				EB11394B211ECA6000CF2E65 /* Products */,
			);
			sourceTree = "<group>";
		};
		EB11394B211ECA6000CF2E65 /* Products */ = {
			isa = PBXGroup;
			children = (
				EB11394A211ECA6000CF2E65 /* coder-clothing.app */,
			);
			name = Products;
			sourceTree = "<group>";
		};
		EB11394C211ECA6000CF2E65 /* coder-clothing */ = {
			isa = PBXGroup;
			children = (
				EB11396A2121B7C400CF2E65 /* Services */,
				EB1139612120AD2B00CF2E65 /* Controller */,
				EB1139602120AD2400CF2E65 /* Views */,
				EB11395F2120AD1D00CF2E65 /* Model */,
				EB11394D211ECA6000CF2E65 /* AppDelegate.swift */,
				EB113951211ECA6000CF2E65 /* Main.storyboard */,
				EB113954211ECA6000CF2E65 /* Assets.xcassets */,
				EB113956211ECA6000CF2E65 /* LaunchScreen.storyboard */,
				EB113959211ECA6000CF2E65 /* Info.plist */,
			);
			path = "coder-clothing";
			sourceTree = "<group>";
		};
		EB11395F2120AD1D00CF2E65 /* Model */ = {
			isa = PBXGroup;
			children = (
				EB1139682121B1FF00CF2E65 /* Category.swift */,
			);
			path = Model;
			sourceTree = "<group>";
		};
		EB1139602120AD2400CF2E65 /* Views */ = {
			isa = PBXGroup;
			children = (
				EB1139662120ADE000CF2E65 /* CategoryCell.swift */,
			);
			path = Views;
			sourceTree = "<group>";
		};
		EB1139612120AD2B00CF2E65 /* Controller */ = {
			isa = PBXGroup;
			children = (
				EB11394F211ECA6000CF2E65 /* CategoriesVC.swift */,
			);
			path = Controller;
			sourceTree = "<group>";
		};
		EB11396A2121B7C400CF2E65 /* Services */ = {
			isa = PBXGroup;
			children = (
				EB11396C2121B8BD00CF2E65 /* DataService.swift */,
			);
			path = Services;
			sourceTree = "<group>";
		};
/* End PBXGroup section */

/* Begin PBXNativeTarget section */
		EB113949211ECA6000CF2E65 /* coder-clothing */ = {
			isa = PBXNativeTarget;
			buildConfigurationList = EB11395C211ECA6000CF2E65 /* Build configuration list for PBXNativeTarget "coder-clothing" */;
			buildPhases = (
				EB113946211ECA6000CF2E65 /* Sources */,
				EB113947211ECA6000CF2E65 /* Frameworks */,
				EB113948211ECA6000CF2E65 /* Resources */,
			);
			buildRules = (
			);
			dependencies = (
			);
			name = "coder-clothing";
			productName = "coder-clothing";
			productReference = EB11394A211ECA6000CF2E65 /* coder-clothing.app */;
			productType = "com.apple.product-type.application";
		};
/* End PBXNativeTarget section */

/* Begin PBXProject section */
		EB113942211ECA6000CF2E65 /* Project object */ = {
			isa = PBXProject;
			attributes = {
				LastSwiftUpdateCheck = 0920;
				LastUpgradeCheck = 0920;
				ORGANIZATIONNAME = "Jason Y Liang";
				TargetAttributes = {
					EB113949211ECA6000CF2E65 = {
						CreatedOnToolsVersion = 9.2;
						ProvisioningStyle = Automatic;
					};
				};
			};
			buildConfigurationList = EB113945211ECA6000CF2E65 /* Build configuration list for PBXProject "coder-clothing" */;
			compatibilityVersion = "Xcode 8.0";
			developmentRegion = en;
			hasScannedForEncodings = 0;
			knownRegions = (
				en,
				Base,
			);
			mainGroup = EB113941211ECA6000CF2E65;
			productRefGroup = EB11394B211ECA6000CF2E65 /* Products */;
			projectDirPath = "";
			projectRoot = "";
			targets = (
				EB113949211ECA6000CF2E65 /* coder-clothing */,
			);
		};
/* End PBXProject section */

/* Begin PBXResourcesBuildPhase section */
		EB113948211ECA6000CF2E65 /* Resources */ = {
			isa = PBXResourcesBuildPhase;
			buildActionMask = 2147483647;
			files = (
				EB113958211ECA6000CF2E65 /* LaunchScreen.storyboard in Resources */,
				EB113955211ECA6000CF2E65 /* Assets.xcassets in Resources */,
				EB113953211ECA6000CF2E65 /* Main.storyboard in Resources */,
			);
			runOnlyForDeploymentPostprocessing = 0;
		};
/* End PBXResourcesBuildPhase section */

/* Begin PBXSourcesBuildPhase section */
		EB113946211ECA6000CF2E65 /* Sources */ = {
			isa = PBXSourcesBuildPhase;
			buildActionMask = 2147483647;
			files = (
				EB113950211ECA6000CF2E65 /* CategoriesVC.swift in Sources */,
				EB11394E211ECA6000CF2E65 /* AppDelegate.swift in Sources */,
				EB1139672120ADE000CF2E65 /* CategoryCell.swift in Sources */,
				EB1139692121B1FF00CF2E65 /* Category.swift in Sources */,
				EB11396D2121B8BD00CF2E65 /* DataService.swift in Sources */,
			);
			runOnlyForDeploymentPostprocessing = 0;
		};
/* End PBXSourcesBuildPhase section */

/* Begin PBXVariantGroup section */
		EB113951211ECA6000CF2E65 /* Main.storyboard */ = {
			isa = PBXVariantGroup;
			children = (
				EB113952211ECA6000CF2E65 /* Base */,
			);
			name = Main.storyboard;
			sourceTree = "<group>";
		};
		EB113956211ECA6000CF2E65 /* LaunchScreen.storyboard */ = {
			isa = PBXVariantGroup;
			children = (
				EB113957211ECA6000CF2E65 /* Base */,
			);
			name = LaunchScreen.storyboard;
			sourceTree = "<group>";
		};
/* End PBXVariantGroup section */

/* Begin XCBuildConfiguration section */
		EB11395A211ECA6000CF2E65 /* Debug */ = {
			isa = XCBuildConfiguration;
			buildSettings = {
				ALWAYS_SEARCH_USER_PATHS = NO;
				CLANG_ANALYZER_NONNULL = YES;
				CLANG_ANALYZER_NUMBER_OBJECT_CONVERSION = YES_AGGRESSIVE;
				CLANG_CXX_LANGUAGE_STANDARD = "gnu++14";
				CLANG_CXX_LIBRARY = "libc++";
				CLANG_ENABLE_MODULES = YES;
				CLANG_ENABLE_OBJC_ARC = YES;
				CLANG_WARN_BLOCK_CAPTURE_AUTORELEASING = YES;
				CLANG_WARN_BOOL_CONVERSION = YES;
				CLANG_WARN_COMMA = YES;
				CLANG_WARN_CONSTANT_CONVERSION = YES;
				CLANG_WARN_DIRECT_OBJC_ISA_USAGE = YES_ERROR;
				CLANG_WARN_DOCUMENTATION_COMMENTS = YES;
				CLANG_WARN_EMPTY_BODY = YES;
				CLANG_WARN_ENUM_CONVERSION = YES;
				CLANG_WARN_INFINITE_RECURSION = YES;
				CLANG_WARN_INT_CONVERSION = YES;
				CLANG_WARN_NON_LITERAL_NULL_CONVERSION = YES;
				CLANG_WARN_OBJC_LITERAL_CONVERSION = YES;
				CLANG_WARN_OBJC_ROOT_CLASS = YES_ERROR;
				CLANG_WARN_RANGE_LOOP_ANALYSIS = YES;
				CLANG_WARN_STRICT_PROTOTYPES = YES;
				CLANG_WARN_SUSPICIOUS_MOVE = YES;
				CLANG_WARN_UNGUARDED_AVAILABILITY = YES_AGGRESSIVE;
				CLANG_WARN_UNREACHABLE_CODE = YES;
				CLANG_WARN__DUPLICATE_METHOD_MATCH = YES;
				CODE_SIGN_IDENTITY = "iPhone Developer";
				COPY_PHASE_STRIP = NO;
				DEBUG_INFORMATION_FORMAT = dwarf;
				ENABLE_STRICT_OBJC_MSGSEND = YES;
				ENABLE_TESTABILITY = YES;
				GCC_C_LANGUAGE_STANDARD = gnu11;
				GCC_DYNAMIC_NO_PIC = NO;
				GCC_NO_COMMON_BLOCKS = YES;
				GCC_OPTIMIZATION_LEVEL = 0;
				GCC_PREPROCESSOR_DEFINITIONS = (
					"DEBUG=1",
					"$(inherited)",
				);
				GCC_WARN_64_TO_32_BIT_CONVERSION = YES;
				GCC_WARN_ABOUT_RETURN_TYPE = YES_ERROR;
				GCC_WARN_UNDECLARED_SELECTOR = YES;
				GCC_WARN_UNINITIALIZED_AUTOS = YES_AGGRESSIVE;
				GCC_WARN_UNUSED_FUNCTION = YES;
				GCC_WARN_UNUSED_VARIABLE = YES;
				IPHONEOS_DEPLOYMENT_TARGET = 11.2;
				MTL_ENABLE_DEBUG_INFO = YES;
				ONLY_ACTIVE_ARCH = YES;
				SDKROOT = iphoneos;
				SWIFT_ACTIVE_COMPILATION_CONDITIONS = DEBUG;
				SWIFT_OPTIMIZATION_LEVEL = "-Onone";
			};
			name = Debug;
		};
		EB11395B211ECA6000CF2E65 /* Release */ = {
			isa = XCBuildConfiguration;
			buildSettings = {
				ALWAYS_SEARCH_USER_PATHS = NO;
				CLANG_ANALYZER_NONNULL = YES;
				CLANG_ANALYZER_NUMBER_OBJECT_CONVERSION = YES_AGGRESSIVE;
				CLANG_CXX_LANGUAGE_STANDARD = "gnu++14";
				CLANG_CXX_LIBRARY = "libc++";
				CLANG_ENABLE_MODULES = YES;
				CLANG_ENABLE_OBJC_ARC = YES;
				CLANG_WARN_BLOCK_CAPTURE_AUTORELEASING = YES;
				CLANG_WARN_BOOL_CONVERSION = YES;
				CLANG_WARN_COMMA = YES;
				CLANG_WARN_CONSTANT_CONVERSION = YES;
				CLANG_WARN_DIRECT_OBJC_ISA_USAGE = YES_ERROR;
				CLANG_WARN_DOCUMENTATION_COMMENTS = YES;
				CLANG_WARN_EMPTY_BODY = YES;
				CLANG_WARN_ENUM_CONVERSION = YES;
				CLANG_WARN_INFINITE_RECURSION = YES;
				CLANG_WARN_INT_CONVERSION = YES;
				CLANG_WARN_NON_LITERAL_NULL_CONVERSION = YES;
				CLANG_WARN_OBJC_LITERAL_CONVERSION = YES;
				CLANG_WARN_OBJC_ROOT_CLASS = YES_ERROR;
				CLANG_WARN_RANGE_LOOP_ANALYSIS = YES;
				CLANG_WARN_STRICT_PROTOTYPES = YES;
				CLANG_WARN_SUSPICIOUS_MOVE = YES;
				CLANG_WARN_UNGUARDED_AVAILABILITY = YES_AGGRESSIVE;
				CLANG_WARN_UNREACHABLE_CODE = YES;
				CLANG_WARN__DUPLICATE_METHOD_MATCH = YES;
				CODE_SIGN_IDENTITY = "iPhone Developer";
				COPY_PHASE_STRIP = NO;
				DEBUG_INFORMATION_FORMAT = "dwarf-with-dsym";
				ENABLE_NS_ASSERTIONS = NO;
				ENABLE_STRICT_OBJC_MSGSEND = YES;
				GCC_C_LANGUAGE_STANDARD = gnu11;
				GCC_NO_COMMON_BLOCKS = YES;
				GCC_WARN_64_TO_32_BIT_CONVERSION = YES;
				GCC_WARN_ABOUT_RETURN_TYPE = YES_ERROR;
				GCC_WARN_UNDECLARED_SELECTOR = YES;
				GCC_WARN_UNINITIALIZED_AUTOS = YES_AGGRESSIVE;
				GCC_WARN_UNUSED_FUNCTION = YES;
				GCC_WARN_UNUSED_VARIABLE = YES;
				IPHONEOS_DEPLOYMENT_TARGET = 11.2;
				MTL_ENABLE_DEBUG_INFO = NO;
				SDKROOT = iphoneos;
				SWIFT_OPTIMIZATION_LEVEL = "-Owholemodule";
				VALIDATE_PRODUCT = YES;
			};
			name = Release;
		};
		EB11395D211ECA6000CF2E65 /* Debug */ = {
			isa = XCBuildConfiguration;
			buildSettings = {
				ASSETCATALOG_COMPILER_APPICON_NAME = AppIcon;
				CODE_SIGN_STYLE = Automatic;
				INFOPLIST_FILE = "coder-clothing/Info.plist";
				LD_RUNPATH_SEARCH_PATHS = "$(inherited) @executable_path/Frameworks";
				PRODUCT_BUNDLE_IDENTIFIER = "com.jasonpractice.coder-clothing";
				PRODUCT_NAME = "$(TARGET_NAME)";
				SWIFT_VERSION = 4.0;
				TARGETED_DEVICE_FAMILY = "1,2";
			};
			name = Debug;
		};
		EB11395E211ECA6000CF2E65 /* Release */ = {
			isa = XCBuildConfiguration;
			buildSettings = {
				ASSETCATALOG_COMPILER_APPICON_NAME = AppIcon;
				CODE_SIGN_STYLE = Automatic;
				INFOPLIST_FILE = "coder-clothing/Info.plist";
				LD_RUNPATH_SEARCH_PATHS = "$(inherited) @executable_path/Frameworks";
				PRODUCT_BUNDLE_IDENTIFIER = "com.jasonpractice.coder-clothing";
				PRODUCT_NAME = "$(TARGET_NAME)";
				SWIFT_VERSION = 4.0;
				TARGETED_DEVICE_FAMILY = "1,2";
			};
			name = Release;
		};
/* End XCBuildConfiguration section */

/* Begin XCConfigurationList section */
		EB113945211ECA6000CF2E65 /* Build configuration list for PBXProject "coder-clothing" */ = {
			isa = XCConfigurationList;
			buildConfigurations = (
				EB11395A211ECA6000CF2E65 /* Debug */,
				EB11395B211ECA6000CF2E65 /* Release */,
			);
			defaultConfigurationIsVisible = 0;
			defaultConfigurationName = Release;
		};
		EB11395C211ECA6000CF2E65 /* Build configuration list for PBXNativeTarget "coder-clothing" */ = {
			isa = XCConfigurationList;
			buildConfigurations = (
				EB11395D211ECA6000CF2E65 /* Debug */,
				EB11395E211ECA6000CF2E65 /* Release */,
			);
			defaultConfigurationIsVisible = 0;
			defaultConfigurationName = Release;
		};
/* End XCConfigurationList section */
	};
	rootObject = EB113942211ECA6000CF2E65 /* Project object */;
}
