// !$*UTF8*$!
{
	archiveVersion = 1;
	classes = {
	};
	objectVersion = 48;
	objects = {

/* Begin PBXBuildFile section */
		EBA0E82F20FEAC6D00123CF3 /* AppDelegate.swift in Sources */ = {isa = PBXBuildFile; fileRef = EBA0E82E20FEAC6D00123CF3 /* AppDelegate.swift */; };
		EBA0E83120FEAC6D00123CF3 /* ColorPresenterVC.swift in Sources */ = {isa = PBXBuildFile; fileRef = EBA0E83020FEAC6D00123CF3 /* ColorPresenterVC.swift */; };
		EBA0E83420FEAC6D00123CF3 /* Main.storyboard in Resources */ = {isa = PBXBuildFile; fileRef = EBA0E83220FEAC6D00123CF3 /* Main.storyboard */; };
		EBA0E83620FEAC6D00123CF3 /* Assets.xcassets in Resources */ = {isa = PBXBuildFile; fileRef = EBA0E83520FEAC6D00123CF3 /* Assets.xcassets */; };
		EBA0E83920FEAC6D00123CF3 /* LaunchScreen.storyboard in Resources */ = {isa = PBXBuildFile; fileRef = EBA0E83720FEAC6D00123CF3 /* LaunchScreen.storyboard */; };
		EBA0E84120FEB8C400123CF3 /* ColorPickerVC.swift in Sources */ = {isa = PBXBuildFile; fileRef = EBA0E84020FEB8C400123CF3 /* ColorPickerVC.swift */; };
/* End PBXBuildFile section */

/* Begin PBXFileReference section */
		EBA0E82B20FEAC6D00123CF3 /* ColorizeApp.app */ = {isa = PBXFileReference; explicitFileType = wrapper.application; includeInIndex = 0; path = ColorizeApp.app; sourceTree = BUILT_PRODUCTS_DIR; };
		EBA0E82E20FEAC6D00123CF3 /* AppDelegate.swift */ = {isa = PBXFileReference; lastKnownFileType = sourcecode.swift; path = AppDelegate.swift; sourceTree = "<group>"; };
		EBA0E83020FEAC6D00123CF3 /* ColorPresenterVC.swift */ = {isa = PBXFileReference; lastKnownFileType = sourcecode.swift; path = ColorPresenterVC.swift; sourceTree = "<group>"; };
		EBA0E83320FEAC6D00123CF3 /* Base */ = {isa = PBXFileReference; lastKnownFileType = file.storyboard; name = Base; path = Base.lproj/Main.storyboard; sourceTree = "<group>"; };
		EBA0E83520FEAC6D00123CF3 /* Assets.xcassets */ = {isa = PBXFileReference; lastKnownFileType = folder.assetcatalog; path = Assets.xcassets; sourceTree = "<group>"; };
		EBA0E83820FEAC6D00123CF3 /* Base */ = {isa = PBXFileReference; lastKnownFileType = file.storyboard; name = Base; path = Base.lproj/LaunchScreen.storyboard; sourceTree = "<group>"; };
		EBA0E83A20FEAC6D00123CF3 /* Info.plist */ = {isa = PBXFileReference; lastKnownFileType = text.plist.xml; path = Info.plist; sourceTree = "<group>"; };
		EBA0E84020FEB8C400123CF3 /* ColorPickerVC.swift */ = {isa = PBXFileReference; lastKnownFileType = sourcecode.swift; path = ColorPickerVC.swift; sourceTree = "<group>"; };
/* End PBXFileReference section */

/* Begin PBXFrameworksBuildPhase section */
		EBA0E82820FEAC6D00123CF3 /* Frameworks */ = {
			isa = PBXFrameworksBuildPhase;
			buildActionMask = 2147483647;
			files = (
			);
			runOnlyForDeploymentPostprocessing = 0;
		};
/* End PBXFrameworksBuildPhase section */

/* Begin PBXGroup section */
		EBA0E82220FEAC6D00123CF3 = {
			isa = PBXGroup;
			children = (
				EBA0E82D20FEAC6D00123CF3 /* ColorizeApp */,
				EBA0E82C20FEAC6D00123CF3 /* Products */,
			);
			sourceTree = "<group>";
		};
		EBA0E82C20FEAC6D00123CF3 /* Products */ = {
			isa = PBXGroup;
			children = (
				EBA0E82B20FEAC6D00123CF3 /* ColorizeApp.app */,
			);
			name = Products;
			sourceTree = "<group>";
		};
		EBA0E82D20FEAC6D00123CF3 /* ColorizeApp */ = {
			isa = PBXGroup;
			children = (
				EBA0E82E20FEAC6D00123CF3 /* AppDelegate.swift */,
				EBA0E83020FEAC6D00123CF3 /* ColorPresenterVC.swift */,
				EBA0E83220FEAC6D00123CF3 /* Main.storyboard */,
				EBA0E83520FEAC6D00123CF3 /* Assets.xcassets */,
				EBA0E83720FEAC6D00123CF3 /* LaunchScreen.storyboard */,
				EBA0E83A20FEAC6D00123CF3 /* Info.plist */,
				EBA0E84020FEB8C400123CF3 /* ColorPickerVC.swift */,
			);
			path = ColorizeApp;
			sourceTree = "<group>";
		};
/* End PBXGroup section */

/* Begin PBXNativeTarget section */
		EBA0E82A20FEAC6D00123CF3 /* ColorizeApp */ = {
			isa = PBXNativeTarget;
			buildConfigurationList = EBA0E83D20FEAC6D00123CF3 /* Build configuration list for PBXNativeTarget "ColorizeApp" */;
			buildPhases = (
				EBA0E82720FEAC6D00123CF3 /* Sources */,
				EBA0E82820FEAC6D00123CF3 /* Frameworks */,
				EBA0E82920FEAC6D00123CF3 /* Resources */,
			);
			buildRules = (
			);
			dependencies = (
			);
			name = ColorizeApp;
			productName = ColorizeApp;
			productReference = EBA0E82B20FEAC6D00123CF3 /* ColorizeApp.app */;
			productType = "com.apple.product-type.application";
		};
/* End PBXNativeTarget section */

/* Begin PBXProject section */
		EBA0E82320FEAC6D00123CF3 /* Project object */ = {
			isa = PBXProject;
			attributes = {
				LastSwiftUpdateCheck = 0920;
				LastUpgradeCheck = 0920;
				ORGANIZATIONNAME = "Jason Y Liang";
				TargetAttributes = {
					EBA0E82A20FEAC6D00123CF3 = {
						CreatedOnToolsVersion = 9.2;
						ProvisioningStyle = Automatic;
					};
				};
			};
			buildConfigurationList = EBA0E82620FEAC6D00123CF3 /* Build configuration list for PBXProject "ColorizeApp" */;
			compatibilityVersion = "Xcode 8.0";
			developmentRegion = en;
			hasScannedForEncodings = 0;
			knownRegions = (
				en,
				Base,
			);
			mainGroup = EBA0E82220FEAC6D00123CF3;
			productRefGroup = EBA0E82C20FEAC6D00123CF3 /* Products */;
			projectDirPath = "";
			projectRoot = "";
			targets = (
				EBA0E82A20FEAC6D00123CF3 /* ColorizeApp */,
			);
		};
/* End PBXProject section */

/* Begin PBXResourcesBuildPhase section */
		EBA0E82920FEAC6D00123CF3 /* Resources */ = {
			isa = PBXResourcesBuildPhase;
			buildActionMask = 2147483647;
			files = (
				EBA0E83920FEAC6D00123CF3 /* LaunchScreen.storyboard in Resources */,
				EBA0E83620FEAC6D00123CF3 /* Assets.xcassets in Resources */,
				EBA0E83420FEAC6D00123CF3 /* Main.storyboard in Resources */,
			);
			runOnlyForDeploymentPostprocessing = 0;
		};
/* End PBXResourcesBuildPhase section */

/* Begin PBXSourcesBuildPhase section */
		EBA0E82720FEAC6D00123CF3 /* Sources */ = {
			isa = PBXSourcesBuildPhase;
			buildActionMask = 2147483647;
			files = (
				EBA0E83120FEAC6D00123CF3 /* ColorPresenterVC.swift in Sources */,
				EBA0E82F20FEAC6D00123CF3 /* AppDelegate.swift in Sources */,
				EBA0E84120FEB8C400123CF3 /* ColorPickerVC.swift in Sources */,
			);
			runOnlyForDeploymentPostprocessing = 0;
		};
/* End PBXSourcesBuildPhase section */

/* Begin PBXVariantGroup section */
		EBA0E83220FEAC6D00123CF3 /* Main.storyboard */ = {
			isa = PBXVariantGroup;
			children = (
				EBA0E83320FEAC6D00123CF3 /* Base */,
			);
			name = Main.storyboard;
			sourceTree = "<group>";
		};
		EBA0E83720FEAC6D00123CF3 /* LaunchScreen.storyboard */ = {
			isa = PBXVariantGroup;
			children = (
				EBA0E83820FEAC6D00123CF3 /* Base */,
			);
			name = LaunchScreen.storyboard;
			sourceTree = "<group>";
		};
/* End PBXVariantGroup section */

/* Begin XCBuildConfiguration section */
		EBA0E83B20FEAC6D00123CF3 /* Debug */ = {
			isa = XCBuildConfiguration;
			buildSettings = {
				ALWAYS_SEARCH_USER_PATHS = NO;
				CLANG_ANALYZER_NONNULL = YES;
				CLANG_ANALYZER_NUMBER_OBJECT_CONVERSION = YES_AGGRESSIVE;
				CLANG_CXX_LANGUAGE_STANDARD = "gnu++14";
				CLANG_CXX_LIBRARY = "libc++";
				CLANG_ENABLE_MODULES = YES;
				CLANG_ENABLE_OBJC_ARC = YES;
				CLANG_WARN_BLOCK_CAPTURE_AUTORELEASING = YES;
				CLANG_WARN_BOOL_CONVERSION = YES;
				CLANG_WARN_COMMA = YES;
				CLANG_WARN_CONSTANT_CONVERSION = YES;
				CLANG_WARN_DIRECT_OBJC_ISA_USAGE = YES_ERROR;
				CLANG_WARN_DOCUMENTATION_COMMENTS = YES;
				CLANG_WARN_EMPTY_BODY = YES;
				CLANG_WARN_ENUM_CONVERSION = YES;
				CLANG_WARN_INFINITE_RECURSION = YES;
				CLANG_WARN_INT_CONVERSION = YES;
				CLANG_WARN_NON_LITERAL_NULL_CONVERSION = YES;
				CLANG_WARN_OBJC_LITERAL_CONVERSION = YES;
				CLANG_WARN_OBJC_ROOT_CLASS = YES_ERROR;
				CLANG_WARN_RANGE_LOOP_ANALYSIS = YES;
				CLANG_WARN_STRICT_PROTOTYPES = YES;
				CLANG_WARN_SUSPICIOUS_MOVE = YES;
				CLANG_WARN_UNGUARDED_AVAILABILITY = YES_AGGRESSIVE;
				CLANG_WARN_UNREACHABLE_CODE = YES;
				CLANG_WARN__DUPLICATE_METHOD_MATCH = YES;
				CODE_SIGN_IDENTITY = "iPhone Developer";
				COPY_PHASE_STRIP = NO;
				DEBUG_INFORMATION_FORMAT = dwarf;
				ENABLE_STRICT_OBJC_MSGSEND = YES;
				ENABLE_TESTABILITY = YES;
				GCC_C_LANGUAGE_STANDARD = gnu11;
				GCC_DYNAMIC_NO_PIC = NO;
				GCC_NO_COMMON_BLOCKS = YES;
				GCC_OPTIMIZATION_LEVEL = 0;
				GCC_PREPROCESSOR_DEFINITIONS = (
					"DEBUG=1",
					"$(inherited)",
				);
				GCC_WARN_64_TO_32_BIT_CONVERSION = YES;
				GCC_WARN_ABOUT_RETURN_TYPE = YES_ERROR;
				GCC_WARN_UNDECLARED_SELECTOR = YES;
				GCC_WARN_UNINITIALIZED_AUTOS = YES_AGGRESSIVE;
				GCC_WARN_UNUSED_FUNCTION = YES;
				GCC_WARN_UNUSED_VARIABLE = YES;
				IPHONEOS_DEPLOYMENT_TARGET = 11.2;
				MTL_ENABLE_DEBUG_INFO = YES;
				ONLY_ACTIVE_ARCH = YES;
				SDKROOT = iphoneos;
				SWIFT_ACTIVE_COMPILATION_CONDITIONS = DEBUG;
				SWIFT_OPTIMIZATION_LEVEL = "-Onone";
			};
			name = Debug;
		};
		EBA0E83C20FEAC6D00123CF3 /* Release */ = {
			isa = XCBuildConfiguration;
			buildSettings = {
				ALWAYS_SEARCH_USER_PATHS = NO;
				CLANG_ANALYZER_NONNULL = YES;
				CLANG_ANALYZER_NUMBER_OBJECT_CONVERSION = YES_AGGRESSIVE;
				CLANG_CXX_LANGUAGE_STANDARD = "gnu++14";
				CLANG_CXX_LIBRARY = "libc++";
				CLANG_ENABLE_MODULES = YES;
				CLANG_ENABLE_OBJC_ARC = YES;
				CLANG_WARN_BLOCK_CAPTURE_AUTORELEASING = YES;
				CLANG_WARN_BOOL_CONVERSION = YES;
				CLANG_WARN_COMMA = YES;
				CLANG_WARN_CONSTANT_CONVERSION = YES;
				CLANG_WARN_DIRECT_OBJC_ISA_USAGE = YES_ERROR;
				CLANG_WARN_DOCUMENTATION_COMMENTS = YES;
				CLANG_WARN_EMPTY_BODY = YES;
				CLANG_WARN_ENUM_CONVERSION = YES;
				CLANG_WARN_INFINITE_RECURSION = YES;
				CLANG_WARN_INT_CONVERSION = YES;
				CLANG_WARN_NON_LITERAL_NULL_CONVERSION = YES;
				CLANG_WARN_OBJC_LITERAL_CONVERSION = YES;
				CLANG_WARN_OBJC_ROOT_CLASS = YES_ERROR;
				CLANG_WARN_RANGE_LOOP_ANALYSIS = YES;
				CLANG_WARN_STRICT_PROTOTYPES = YES;
				CLANG_WARN_SUSPICIOUS_MOVE = YES;
				CLANG_WARN_UNGUARDED_AVAILABILITY = YES_AGGRESSIVE;
				CLANG_WARN_UNREACHABLE_CODE = YES;
				CLANG_WARN__DUPLICATE_METHOD_MATCH = YES;
				CODE_SIGN_IDENTITY = "iPhone Developer";
				COPY_PHASE_STRIP = NO;
				DEBUG_INFORMATION_FORMAT = "dwarf-with-dsym";
				ENABLE_NS_ASSERTIONS = NO;
				ENABLE_STRICT_OBJC_MSGSEND = YES;
				GCC_C_LANGUAGE_STANDARD = gnu11;
				GCC_NO_COMMON_BLOCKS = YES;
				GCC_WARN_64_TO_32_BIT_CONVERSION = YES;
				GCC_WARN_ABOUT_RETURN_TYPE = YES_ERROR;
				GCC_WARN_UNDECLARED_SELECTOR = YES;
				GCC_WARN_UNINITIALIZED_AUTOS = YES_AGGRESSIVE;
				GCC_WARN_UNUSED_FUNCTION = YES;
				GCC_WARN_UNUSED_VARIABLE = YES;
				IPHONEOS_DEPLOYMENT_TARGET = 11.2;
				MTL_ENABLE_DEBUG_INFO = NO;
				SDKROOT = iphoneos;
				SWIFT_OPTIMIZATION_LEVEL = "-Owholemodule";
				VALIDATE_PRODUCT = YES;
			};
			name = Release;
		};
		EBA0E83E20FEAC6D00123CF3 /* Debug */ = {
			isa = XCBuildConfiguration;
			buildSettings = {
				ASSETCATALOG_COMPILER_APPICON_NAME = AppIcon;
				CODE_SIGN_STYLE = Automatic;
				INFOPLIST_FILE = ColorizeApp/Info.plist;
				LD_RUNPATH_SEARCH_PATHS = "$(inherited) @executable_path/Frameworks";
				PRODUCT_BUNDLE_IDENTIFIER = com.jasonpractice.ColorizeApp;
				PRODUCT_NAME = "$(TARGET_NAME)";
				SWIFT_VERSION = 4.0;
				TARGETED_DEVICE_FAMILY = "1,2";
			};
			name = Debug;
		};
		EBA0E83F20FEAC6D00123CF3 /* Release */ = {
			isa = XCBuildConfiguration;
			buildSettings = {
				ASSETCATALOG_COMPILER_APPICON_NAME = AppIcon;
				CODE_SIGN_STYLE = Automatic;
				INFOPLIST_FILE = ColorizeApp/Info.plist;
				LD_RUNPATH_SEARCH_PATHS = "$(inherited) @executable_path/Frameworks";
				PRODUCT_BUNDLE_IDENTIFIER = com.jasonpractice.ColorizeApp;
				PRODUCT_NAME = "$(TARGET_NAME)";
				SWIFT_VERSION = 4.0;
				TARGETED_DEVICE_FAMILY = "1,2";
			};
			name = Release;
		};
/* End XCBuildConfiguration section */

/* Begin XCConfigurationList section */
		EBA0E82620FEAC6D00123CF3 /* Build configuration list for PBXProject "ColorizeApp" */ = {
			isa = XCConfigurationList;
			buildConfigurations = (
				EBA0E83B20FEAC6D00123CF3 /* Debug */,
				EBA0E83C20FEAC6D00123CF3 /* Release */,
			);
			defaultConfigurationIsVisible = 0;
			defaultConfigurationName = Release;
		};
		EBA0E83D20FEAC6D00123CF3 /* Build configuration list for PBXNativeTarget "ColorizeApp" */ = {
			isa = XCConfigurationList;
			buildConfigurations = (
				EBA0E83E20FEAC6D00123CF3 /* Debug */,
				EBA0E83F20FEAC6D00123CF3 /* Release */,
			);
			defaultConfigurationIsVisible = 0;
			defaultConfigurationName = Release;
		};
/* End XCConfigurationList section */
	};
	rootObject = EBA0E82320FEAC6D00123CF3 /* Project object */;
}
