// !$*UTF8*$!
{
	archiveVersion = 1;
	classes = {
	};
	objectVersion = 48;
	objects = {

/* Begin PBXBuildFile section */
		EB5FFD7320F9BD9A0091C82E /* AppDelegate.swift in Sources */ = {isa = PBXBuildFile; fileRef = EB5FFD7220F9BD9A0091C82E /* AppDelegate.swift */; };
		EB5FFD7520F9BD9A0091C82E /* ColorizeApp.swift in Sources */ = {isa = PBXBuildFile; fileRef = EB5FFD7420F9BD9A0091C82E /* ColorizeApp.swift */; };
		EB5FFD7820F9BD9A0091C82E /* Main.storyboard in Resources */ = {isa = PBXBuildFile; fileRef = EB5FFD7620F9BD9A0091C82E /* Main.storyboard */; };
		EB5FFD7A20F9BD9A0091C82E /* Assets.xcassets in Resources */ = {isa = PBXBuildFile; fileRef = EB5FFD7920F9BD9A0091C82E /* Assets.xcassets */; };
		EB5FFD7D20F9BD9A0091C82E /* LaunchScreen.storyboard in Resources */ = {isa = PBXBuildFile; fileRef = EB5FFD7B20F9BD9A0091C82E /* LaunchScreen.storyboard */; };
		EB5FFD8520FACFFB0091C82E /* ColorPickerViewController.swift in Sources */ = {isa = PBXBuildFile; fileRef = EB5FFD8420FACFFB0091C82E /* ColorPickerViewController.swift */; };
/* End PBXBuildFile section */

/* Begin PBXFileReference section */
		EB5FFD6F20F9BD9A0091C82E /* Color Change Stuff.app */ = {isa = PBXFileReference; explicitFileType = wrapper.application; includeInIndex = 0; path = "Color Change Stuff.app"; sourceTree = BUILT_PRODUCTS_DIR; };
		EB5FFD7220F9BD9A0091C82E /* AppDelegate.swift */ = {isa = PBXFileReference; lastKnownFileType = sourcecode.swift; path = AppDelegate.swift; sourceTree = "<group>"; };
		EB5FFD7420F9BD9A0091C82E /* ColorizeApp.swift */ = {isa = PBXFileReference; lastKnownFileType = sourcecode.swift; path = ColorizeApp.swift; sourceTree = "<group>"; };
		EB5FFD7720F9BD9A0091C82E /* Base */ = {isa = PBXFileReference; lastKnownFileType = file.storyboard; name = Base; path = Base.lproj/Main.storyboard; sourceTree = "<group>"; };
		EB5FFD7920F9BD9A0091C82E /* Assets.xcassets */ = {isa = PBXFileReference; lastKnownFileType = folder.assetcatalog; path = Assets.xcassets; sourceTree = "<group>"; };
		EB5FFD7C20F9BD9A0091C82E /* Base */ = {isa = PBXFileReference; lastKnownFileType = file.storyboard; name = Base; path = Base.lproj/LaunchScreen.storyboard; sourceTree = "<group>"; };
		EB5FFD7E20F9BD9A0091C82E /* Info.plist */ = {isa = PBXFileReference; lastKnownFileType = text.plist.xml; path = Info.plist; sourceTree = "<group>"; };
		EB5FFD8420FACFFB0091C82E /* ColorPickerViewController.swift */ = {isa = PBXFileReference; lastKnownFileType = sourcecode.swift; path = ColorPickerViewController.swift; sourceTree = "<group>"; };
/* End PBXFileReference section */

/* Begin PBXFrameworksBuildPhase section */
		EB5FFD6C20F9BD9A0091C82E /* Frameworks */ = {
			isa = PBXFrameworksBuildPhase;
			buildActionMask = 2147483647;
			files = (
			);
			runOnlyForDeploymentPostprocessing = 0;
		};
/* End PBXFrameworksBuildPhase section */

/* Begin PBXGroup section */
		EB5FFD6620F9BD990091C82E = {
			isa = PBXGroup;
			children = (
				EB5FFD7120F9BD9A0091C82E /* Color Change Stuff */,
				EB5FFD7020F9BD9A0091C82E /* Products */,
			);
			sourceTree = "<group>";
		};
		EB5FFD7020F9BD9A0091C82E /* Products */ = {
			isa = PBXGroup;
			children = (
				EB5FFD6F20F9BD9A0091C82E /* Color Change Stuff.app */,
			);
			name = Products;
			sourceTree = "<group>";
		};
		EB5FFD7120F9BD9A0091C82E /* Color Change Stuff */ = {
			isa = PBXGroup;
			children = (
				EB5FFD7220F9BD9A0091C82E /* AppDelegate.swift */,
				EB5FFD7420F9BD9A0091C82E /* ColorizeApp.swift */,
				EB5FFD7620F9BD9A0091C82E /* Main.storyboard */,
				EB5FFD7920F9BD9A0091C82E /* Assets.xcassets */,
				EB5FFD7B20F9BD9A0091C82E /* LaunchScreen.storyboard */,
				EB5FFD7E20F9BD9A0091C82E /* Info.plist */,
				EB5FFD8420FACFFB0091C82E /* ColorPickerViewController.swift */,
			);
			path = "Color Change Stuff";
			sourceTree = "<group>";
		};
/* End PBXGroup section */

/* Begin PBXNativeTarget section */
		EB5FFD6E20F9BD9A0091C82E /* Color Change Stuff */ = {
			isa = PBXNativeTarget;
			buildConfigurationList = EB5FFD8120F9BD9A0091C82E /* Build configuration list for PBXNativeTarget "Color Change Stuff" */;
			buildPhases = (
				EB5FFD6B20F9BD9A0091C82E /* Sources */,
				EB5FFD6C20F9BD9A0091C82E /* Frameworks */,
				EB5FFD6D20F9BD9A0091C82E /* Resources */,
			);
			buildRules = (
			);
			dependencies = (
			);
			name = "Color Change Stuff";
			productName = "Color Change Stuff";
			productReference = EB5FFD6F20F9BD9A0091C82E /* Color Change Stuff.app */;
			productType = "com.apple.product-type.application";
		};
/* End PBXNativeTarget section */

/* Begin PBXProject section */
		EB5FFD6720F9BD990091C82E /* Project object */ = {
			isa = PBXProject;
			attributes = {
				LastSwiftUpdateCheck = 0920;
				LastUpgradeCheck = 0920;
				ORGANIZATIONNAME = "Jason Y Liang";
				TargetAttributes = {
					EB5FFD6E20F9BD9A0091C82E = {
						CreatedOnToolsVersion = 9.2;
						ProvisioningStyle = Automatic;
					};
				};
			};
			buildConfigurationList = EB5FFD6A20F9BD990091C82E /* Build configuration list for PBXProject "Color Change Stuff" */;
			compatibilityVersion = "Xcode 8.0";
			developmentRegion = en;
			hasScannedForEncodings = 0;
			knownRegions = (
				en,
				Base,
			);
			mainGroup = EB5FFD6620F9BD990091C82E;
			productRefGroup = EB5FFD7020F9BD9A0091C82E /* Products */;
			projectDirPath = "";
			projectRoot = "";
			targets = (
				EB5FFD6E20F9BD9A0091C82E /* Color Change Stuff */,
			);
		};
/* End PBXProject section */

/* Begin PBXResourcesBuildPhase section */
		EB5FFD6D20F9BD9A0091C82E /* Resources */ = {
			isa = PBXResourcesBuildPhase;
			buildActionMask = 2147483647;
			files = (
				EB5FFD7D20F9BD9A0091C82E /* LaunchScreen.storyboard in Resources */,
				EB5FFD7A20F9BD9A0091C82E /* Assets.xcassets in Resources */,
				EB5FFD7820F9BD9A0091C82E /* Main.storyboard in Resources */,
			);
			runOnlyForDeploymentPostprocessing = 0;
		};
/* End PBXResourcesBuildPhase section */

/* Begin PBXSourcesBuildPhase section */
		EB5FFD6B20F9BD9A0091C82E /* Sources */ = {
			isa = PBXSourcesBuildPhase;
			buildActionMask = 2147483647;
			files = (
				EB5FFD7520F9BD9A0091C82E /* ColorizeApp.swift in Sources */,
				EB5FFD7320F9BD9A0091C82E /* AppDelegate.swift in Sources */,
				EB5FFD8520FACFFB0091C82E /* ColorPickerViewController.swift in Sources */,
			);
			runOnlyForDeploymentPostprocessing = 0;
		};
/* End PBXSourcesBuildPhase section */

/* Begin PBXVariantGroup section */
		EB5FFD7620F9BD9A0091C82E /* Main.storyboard */ = {
			isa = PBXVariantGroup;
			children = (
				EB5FFD7720F9BD9A0091C82E /* Base */,
			);
			name = Main.storyboard;
			sourceTree = "<group>";
		};
		EB5FFD7B20F9BD9A0091C82E /* LaunchScreen.storyboard */ = {
			isa = PBXVariantGroup;
			children = (
				EB5FFD7C20F9BD9A0091C82E /* Base */,
			);
			name = LaunchScreen.storyboard;
			sourceTree = "<group>";
		};
/* End PBXVariantGroup section */

/* Begin XCBuildConfiguration section */
		EB5FFD7F20F9BD9A0091C82E /* Debug */ = {
			isa = XCBuildConfiguration;
			buildSettings = {
				ALWAYS_SEARCH_USER_PATHS = NO;
				CLANG_ANALYZER_NONNULL = YES;
				CLANG_ANALYZER_NUMBER_OBJECT_CONVERSION = YES_AGGRESSIVE;
				CLANG_CXX_LANGUAGE_STANDARD = "gnu++14";
				CLANG_CXX_LIBRARY = "libc++";
				CLANG_ENABLE_MODULES = YES;
				CLANG_ENABLE_OBJC_ARC = YES;
				CLANG_WARN_BLOCK_CAPTURE_AUTORELEASING = YES;
				CLANG_WARN_BOOL_CONVERSION = YES;
				CLANG_WARN_COMMA = YES;
				CLANG_WARN_CONSTANT_CONVERSION = YES;
				CLANG_WARN_DIRECT_OBJC_ISA_USAGE = YES_ERROR;
				CLANG_WARN_DOCUMENTATION_COMMENTS = YES;
				CLANG_WARN_EMPTY_BODY = YES;
				CLANG_WARN_ENUM_CONVERSION = YES;
				CLANG_WARN_INFINITE_RECURSION = YES;
				CLANG_WARN_INT_CONVERSION = YES;
				CLANG_WARN_NON_LITERAL_NULL_CONVERSION = YES;
				CLANG_WARN_OBJC_LITERAL_CONVERSION = YES;
				CLANG_WARN_OBJC_ROOT_CLASS = YES_ERROR;
				CLANG_WARN_RANGE_LOOP_ANALYSIS = YES;
				CLANG_WARN_STRICT_PROTOTYPES = YES;
				CLANG_WARN_SUSPICIOUS_MOVE = YES;
				CLANG_WARN_UNGUARDED_AVAILABILITY = YES_AGGRESSIVE;
				CLANG_WARN_UNREACHABLE_CODE = YES;
				CLANG_WARN__DUPLICATE_METHOD_MATCH = YES;
				CODE_SIGN_IDENTITY = "iPhone Developer";
				COPY_PHASE_STRIP = NO;
				DEBUG_INFORMATION_FORMAT = dwarf;
				ENABLE_STRICT_OBJC_MSGSEND = YES;
				ENABLE_TESTABILITY = YES;
				GCC_C_LANGUAGE_STANDARD = gnu11;
				GCC_DYNAMIC_NO_PIC = NO;
				GCC_NO_COMMON_BLOCKS = YES;
				GCC_OPTIMIZATION_LEVEL = 0;
				GCC_PREPROCESSOR_DEFINITIONS = (
					"DEBUG=1",
					"$(inherited)",
				);
				GCC_WARN_64_TO_32_BIT_CONVERSION = YES;
				GCC_WARN_ABOUT_RETURN_TYPE = YES_ERROR;
				GCC_WARN_UNDECLARED_SELECTOR = YES;
				GCC_WARN_UNINITIALIZED_AUTOS = YES_AGGRESSIVE;
				GCC_WARN_UNUSED_FUNCTION = YES;
				GCC_WARN_UNUSED_VARIABLE = YES;
				IPHONEOS_DEPLOYMENT_TARGET = 11.2;
				MTL_ENABLE_DEBUG_INFO = YES;
				ONLY_ACTIVE_ARCH = YES;
				SDKROOT = iphoneos;
				SWIFT_ACTIVE_COMPILATION_CONDITIONS = DEBUG;
				SWIFT_OPTIMIZATION_LEVEL = "-Onone";
			};
			name = Debug;
		};
		EB5FFD8020F9BD9A0091C82E /* Release */ = {
			isa = XCBuildConfiguration;
			buildSettings = {
				ALWAYS_SEARCH_USER_PATHS = NO;
				CLANG_ANALYZER_NONNULL = YES;
				CLANG_ANALYZER_NUMBER_OBJECT_CONVERSION = YES_AGGRESSIVE;
				CLANG_CXX_LANGUAGE_STANDARD = "gnu++14";
				CLANG_CXX_LIBRARY = "libc++";
				CLANG_ENABLE_MODULES = YES;
				CLANG_ENABLE_OBJC_ARC = YES;
				CLANG_WARN_BLOCK_CAPTURE_AUTORELEASING = YES;
				CLANG_WARN_BOOL_CONVERSION = YES;
				CLANG_WARN_COMMA = YES;
				CLANG_WARN_CONSTANT_CONVERSION = YES;
				CLANG_WARN_DIRECT_OBJC_ISA_USAGE = YES_ERROR;
				CLANG_WARN_DOCUMENTATION_COMMENTS = YES;
				CLANG_WARN_EMPTY_BODY = YES;
				CLANG_WARN_ENUM_CONVERSION = YES;
				CLANG_WARN_INFINITE_RECURSION = YES;
				CLANG_WARN_INT_CONVERSION = YES;
				CLANG_WARN_NON_LITERAL_NULL_CONVERSION = YES;
				CLANG_WARN_OBJC_LITERAL_CONVERSION = YES;
				CLANG_WARN_OBJC_ROOT_CLASS = YES_ERROR;
				CLANG_WARN_RANGE_LOOP_ANALYSIS = YES;
				CLANG_WARN_STRICT_PROTOTYPES = YES;
				CLANG_WARN_SUSPICIOUS_MOVE = YES;
				CLANG_WARN_UNGUARDED_AVAILABILITY = YES_AGGRESSIVE;
				CLANG_WARN_UNREACHABLE_CODE = YES;
				CLANG_WARN__DUPLICATE_METHOD_MATCH = YES;
				CODE_SIGN_IDENTITY = "iPhone Developer";
				COPY_PHASE_STRIP = NO;
				DEBUG_INFORMATION_FORMAT = "dwarf-with-dsym";
				ENABLE_NS_ASSERTIONS = NO;
				ENABLE_STRICT_OBJC_MSGSEND = YES;
				GCC_C_LANGUAGE_STANDARD = gnu11;
				GCC_NO_COMMON_BLOCKS = YES;
				GCC_WARN_64_TO_32_BIT_CONVERSION = YES;
				GCC_WARN_ABOUT_RETURN_TYPE = YES_ERROR;
				GCC_WARN_UNDECLARED_SELECTOR = YES;
				GCC_WARN_UNINITIALIZED_AUTOS = YES_AGGRESSIVE;
				GCC_WARN_UNUSED_FUNCTION = YES;
				GCC_WARN_UNUSED_VARIABLE = YES;
				IPHONEOS_DEPLOYMENT_TARGET = 11.2;
				MTL_ENABLE_DEBUG_INFO = NO;
				SDKROOT = iphoneos;
				SWIFT_OPTIMIZATION_LEVEL = "-Owholemodule";
				VALIDATE_PRODUCT = YES;
			};
			name = Release;
		};
		EB5FFD8220F9BD9A0091C82E /* Debug */ = {
			isa = XCBuildConfiguration;
			buildSettings = {
				ASSETCATALOG_COMPILER_APPICON_NAME = AppIcon;
				CODE_SIGN_STYLE = Automatic;
				INFOPLIST_FILE = "Color Change Stuff/Info.plist";
				LD_RUNPATH_SEARCH_PATHS = "$(inherited) @executable_path/Frameworks";
				PRODUCT_BUNDLE_IDENTIFIER = "com.jasonpractice.Color-Change-Stuff";
				PRODUCT_NAME = "$(TARGET_NAME)";
				SWIFT_VERSION = 4.0;
				TARGETED_DEVICE_FAMILY = "1,2";
			};
			name = Debug;
		};
		EB5FFD8320F9BD9A0091C82E /* Release */ = {
			isa = XCBuildConfiguration;
			buildSettings = {
				ASSETCATALOG_COMPILER_APPICON_NAME = AppIcon;
				CODE_SIGN_STYLE = Automatic;
				INFOPLIST_FILE = "Color Change Stuff/Info.plist";
				LD_RUNPATH_SEARCH_PATHS = "$(inherited) @executable_path/Frameworks";
				PRODUCT_BUNDLE_IDENTIFIER = "com.jasonpractice.Color-Change-Stuff";
				PRODUCT_NAME = "$(TARGET_NAME)";
				SWIFT_VERSION = 4.0;
				TARGETED_DEVICE_FAMILY = "1,2";
			};
			name = Release;
		};
/* End XCBuildConfiguration section */

/* Begin XCConfigurationList section */
		EB5FFD6A20F9BD990091C82E /* Build configuration list for PBXProject "Color Change Stuff" */ = {
			isa = XCConfigurationList;
			buildConfigurations = (
				EB5FFD7F20F9BD9A0091C82E /* Debug */,
				EB5FFD8020F9BD9A0091C82E /* Release */,
			);
			defaultConfigurationIsVisible = 0;
			defaultConfigurationName = Release;
		};
		EB5FFD8120F9BD9A0091C82E /* Build configuration list for PBXNativeTarget "Color Change Stuff" */ = {
			isa = XCConfigurationList;
			buildConfigurations = (
				EB5FFD8220F9BD9A0091C82E /* Debug */,
				EB5FFD8320F9BD9A0091C82E /* Release */,
			);
			defaultConfigurationIsVisible = 0;
			defaultConfigurationName = Release;
		};
/* End XCConfigurationList section */
	};
	rootObject = EB5FFD6720F9BD990091C82E /* Project object */;
}
